
Microsoft Visual Studio Solution File, Format Version 12.00
# Visual Studio Version 17
VisualStudioVersion = 17.4.33110.190
MinimumVisualStudioVersion = 10.0.40219.1
Project("{FAE04EC0-301F-11D3-BF4B-00C04F79EFBC}") = "Lançar Nota", "Lançar Nota\Lançar Nota.csproj", "{CE9E7B28-54C4-4661-BC54-36A6E0CC6C76}"
EndProject
Global
	GlobalSection(SolutionConfigurationPlatforms) = preSolution
		Debug|Any CPU = Debug|Any CPU
		Release|Any CPU = Release|Any CPU
	EndGlobalSection
	GlobalSection(ProjectConfigurationPlatforms) = postSolution
		{CE9E7B28-54C4-4661-BC54-36A6E0CC6C76}.Debug|Any CPU.ActiveCfg = Debug|Any CPU
		{CE9E7B28-54C4-4661-BC54-36A6E0CC6C76}.Debug|Any CPU.Build.0 = Debug|Any CPU
		{CE9E7B28-54C4-4661-BC54-36A6E0CC6C76}.Release|Any CPU.ActiveCfg = Release|Any CPU
		{CE9E7B28-54C4-4661-BC54-36A6E0CC6C76}.Release|Any CPU.Build.0 = Release|Any CPU
	EndGlobalSection
	GlobalSection(SolutionProperties) = preSolution
		HideSolutionNode = FALSE
	EndGlobalSection
	GlobalSection(ExtensibilityGlobals) = postSolution
		SolutionGuid = {8E8C0D82-C701-40D8-A22C-B9BD60CDD635}
	EndGlobalSection
EndGlobal
